
Microsoft Visual Studio Solution File, Format Version 12.00
# Visual Studio Version 17
VisualStudioVersion = 17.7.34024.191
MinimumVisualStudioVersion = 10.0.40219.1
Project("{FAE04EC0-301F-11D3-BF4B-00C04F79EFBC}") = "LABWORK7", "LABWORK7\LABWORK7.csproj", "{3496403E-5CD4-4EED-AFEB-0B8F15C4733C}"
EndProject
Global
	GlobalSection(SolutionConfigurationPlatforms) = preSolution
		Debug|Any CPU = Debug|Any CPU
		Release|Any CPU = Release|Any CPU
	EndGlobalSection
	GlobalSection(ProjectConfigurationPlatforms) = postSolution
		{3496403E-5CD4-4EED-AFEB-0B8F15C4733C}.Debug|Any CPU.ActiveCfg = Debug|Any CPU
		{3496403E-5CD4-4EED-AFEB-0B8F15C4733C}.Debug|Any CPU.Build.0 = Debug|Any CPU
		{3496403E-5CD4-4EED-AFEB-0B8F15C4733C}.Release|Any CPU.ActiveCfg = Release|Any CPU
		{3496403E-5CD4-4EED-AFEB-0B8F15C4733C}.Release|Any CPU.Build.0 = Release|Any CPU
	EndGlobalSection
	GlobalSection(SolutionProperties) = preSolution
		HideSolutionNode = FALSE
	EndGlobalSection
	GlobalSection(ExtensibilityGlobals) = postSolution
		SolutionGuid = {07289E84-6D30-427C-8642-B1D22E483A04}
	EndGlobalSection
EndGlobal
